
Microsoft Visual Studio Solution File, Format Version 12.00
# Visual Studio Version 17
VisualStudioVersion = 17.3.32901.215
MinimumVisualStudioVersion = 10.0.40219.1
Project("{FAE04EC0-301F-11D3-BF4B-00C04F79EFBC}") = "10_1_23_Kazaliste", "10_1_23_Kazaliste\10_1_23_Kazaliste.csproj", "{84D5A35B-F7CC-4E53-92EF-CE9BDF1A9EA2}"
EndProject
Global
	GlobalSection(SolutionConfigurationPlatforms) = preSolution
		Debug|Any CPU = Debug|Any CPU
		Release|Any CPU = Release|Any CPU
	EndGlobalSection
	GlobalSection(ProjectConfigurationPlatforms) = postSolution
		{84D5A35B-F7CC-4E53-92EF-CE9BDF1A9EA2}.Debug|Any CPU.ActiveCfg = Debug|Any CPU
		{84D5A35B-F7CC-4E53-92EF-CE9BDF1A9EA2}.Debug|Any CPU.Build.0 = Debug|Any CPU
		{84D5A35B-F7CC-4E53-92EF-CE9BDF1A9EA2}.Release|Any CPU.ActiveCfg = Release|Any CPU
		{84D5A35B-F7CC-4E53-92EF-CE9BDF1A9EA2}.Release|Any CPU.Build.0 = Release|Any CPU
	EndGlobalSection
	GlobalSection(SolutionProperties) = preSolution
		HideSolutionNode = FALSE
	EndGlobalSection
	GlobalSection(ExtensibilityGlobals) = postSolution
		SolutionGuid = {343459AA-3625-4FA8-B818-B5FD17139AA8}
	EndGlobalSection
EndGlobal
